
Microsoft Visual Studio Solution File, Format Version 12.00
# Visual Studio Version 17
VisualStudioVersion = 17.3.32922.545
MinimumVisualStudioVersion = 10.0.40219.1
Project("{2150E333-8FDC-42A3-9474-1A3956D46DE8}") = "FrontEnd", "FrontEnd", "{D8579E2A-24D2-4D06-A7CC-2F2E4D17FEFF}"
EndProject
Project("{2150E333-8FDC-42A3-9474-1A3956D46DE8}") = "Services", "Services", "{1E002C90-18F6-4FD3-B4B1-5F706671B7FA}"
EndProject
Project("{9A19103F-16F7-4668-BE54-9A1E7A4F7556}") = "GeekShopping.Web", "GeekShopping.Web\GeekShopping.Web.csproj", "{C64FBCA4-14DF-41A7-A0AF-C0E8A5DEFEB2}"
EndProject
Project("{2150E333-8FDC-42A3-9474-1A3956D46DE8}") = "images", "images", "{A6D53792-6A00-4CB9-895C-8EB811C89DC4}"
	ProjectSection(SolutionItems) = preProject
		C:\Users\asilv\Downloads\0808+Adicionando+o+Primeiro+Registro+à+Base+de+Dados\ShoppingImages\00_no_image.jpg = C:\Users\asilv\Downloads\0808+Adicionando+o+Primeiro+Registro+à+Base+de+Dados\ShoppingImages\00_no_image.jpg
		C:\Users\asilv\Downloads\0808+Adicionando+o+Primeiro+Registro+à+Base+de+Dados\ShoppingImages\10_milennium_falcon.jpg = C:\Users\asilv\Downloads\0808+Adicionando+o+Primeiro+Registro+à+Base+de+Dados\ShoppingImages\10_milennium_falcon.jpg
		C:\Users\asilv\Downloads\0808+Adicionando+o+Primeiro+Registro+à+Base+de+Dados\ShoppingImages\11_mars.jpg = C:\Users\asilv\Downloads\0808+Adicionando+o+Primeiro+Registro+à+Base+de+Dados\ShoppingImages\11_mars.jpg
		C:\Users\asilv\Downloads\0808+Adicionando+o+Primeiro+Registro+à+Base+de+Dados\ShoppingImages\12_gnu_linux.jpg = C:\Users\asilv\Downloads\0808+Adicionando+o+Primeiro+Registro+à+Base+de+Dados\ShoppingImages\12_gnu_linux.jpg
		C:\Users\asilv\Downloads\0808+Adicionando+o+Primeiro+Registro+à+Base+de+Dados\ShoppingImages\13_dragon_ball.jpg = C:\Users\asilv\Downloads\0808+Adicionando+o+Primeiro+Registro+à+Base+de+Dados\ShoppingImages\13_dragon_ball.jpg
		C:\Users\asilv\Downloads\0808+Adicionando+o+Primeiro+Registro+à+Base+de+Dados\ShoppingImages\14_patch_nasa.jpg = C:\Users\asilv\Downloads\0808+Adicionando+o+Primeiro+Registro+à+Base+de+Dados\ShoppingImages\14_patch_nasa.jpg
		C:\Users\asilv\Downloads\0808+Adicionando+o+Primeiro+Registro+à+Base+de+Dados\ShoppingImages\1_super_mario.jpg = C:\Users\asilv\Downloads\0808+Adicionando+o+Primeiro+Registro+à+Base+de+Dados\ShoppingImages\1_super_mario.jpg
		C:\Users\asilv\Downloads\0808+Adicionando+o+Primeiro+Registro+à+Base+de+Dados\ShoppingImages\2_no_internet.jpg = C:\Users\asilv\Downloads\0808+Adicionando+o+Primeiro+Registro+à+Base+de+Dados\ShoppingImages\2_no_internet.jpg
		C:\Users\asilv\Downloads\0808+Adicionando+o+Primeiro+Registro+à+Base+de+Dados\ShoppingImages\3_vader.jpg = C:\Users\asilv\Downloads\0808+Adicionando+o+Primeiro+Registro+à+Base+de+Dados\ShoppingImages\3_vader.jpg
		C:\Users\asilv\Downloads\0808+Adicionando+o+Primeiro+Registro+à+Base+de+Dados\ShoppingImages\4_storm_tropper.jpg = C:\Users\asilv\Downloads\0808+Adicionando+o+Primeiro+Registro+à+Base+de+Dados\ShoppingImages\4_storm_tropper.jpg
		C:\Users\asilv\Downloads\0808+Adicionando+o+Primeiro+Registro+à+Base+de+Dados\ShoppingImages\5_100_gamer.jpg = C:\Users\asilv\Downloads\0808+Adicionando+o+Primeiro+Registro+à+Base+de+Dados\ShoppingImages\5_100_gamer.jpg
		C:\Users\asilv\Downloads\0808+Adicionando+o+Primeiro+Registro+à+Base+de+Dados\ShoppingImages\6_spacex.jpg = C:\Users\asilv\Downloads\0808+Adicionando+o+Primeiro+Registro+à+Base+de+Dados\ShoppingImages\6_spacex.jpg
		C:\Users\asilv\Downloads\0808+Adicionando+o+Primeiro+Registro+à+Base+de+Dados\ShoppingImages\7_coffee.jpg = C:\Users\asilv\Downloads\0808+Adicionando+o+Primeiro+Registro+à+Base+de+Dados\ShoppingImages\7_coffee.jpg
		C:\Users\asilv\Downloads\0808+Adicionando+o+Primeiro+Registro+à+Base+de+Dados\ShoppingImages\8_moletom_cobra_kay.jpg = C:\Users\asilv\Downloads\0808+Adicionando+o+Primeiro+Registro+à+Base+de+Dados\ShoppingImages\8_moletom_cobra_kay.jpg
		C:\Users\asilv\Downloads\0808+Adicionando+o+Primeiro+Registro+à+Base+de+Dados\ShoppingImages\9_neil.jpg = C:\Users\asilv\Downloads\0808+Adicionando+o+Primeiro+Registro+à+Base+de+Dados\ShoppingImages\9_neil.jpg
	EndProjectSection
EndProject
Project("{9A19103F-16F7-4668-BE54-9A1E7A4F7556}") = "GeekShopping.IdentityServer", "GeekShopping.IdentityServer\GeekShopping.IdentityServer.csproj", "{5BEABC85-B8C9-44AA-9E08-F6357F3C4142}"
EndProject
Project("{9A19103F-16F7-4668-BE54-9A1E7A4F7556}") = "GeekShopping.CartAPI", "GeekShopping.CartAPI\GeekShopping.CartAPI.csproj", "{E684CFB2-F867-47C8-B50A-E5B5A0792731}"
EndProject
Project("{9A19103F-16F7-4668-BE54-9A1E7A4F7556}") = "GeekShopping.CouponAPI", "C:\Users\Anderson\Downloads\S18_DEPOIS_ErudioMicroservices.NET6-IntegratingCheckout\S18_ErudioMicroservices.NET6-IntegratingCheckout\GeekShooping\GeekShopping.CouponAPI\GeekShopping.CouponAPI.csproj", "{9769B27D-234F-44AB-B4B0-B1D9679D1999}"
EndProject
Project("{9A19103F-16F7-4668-BE54-9A1E7A4F7556}") = "GeekShopping.ProductAPI", "GeekShopping.ProductAPI\GeekShopping.ProductAPI.csproj", "{439FC2D4-47A9-49B1-99C4-DC60B6393654}"
EndProject
Project("{2150E333-8FDC-42A3-9474-1A3956D46DE8}") = "Integration", "Integration", "{351D07D2-CA76-4BCB-B1B8-3B1F07F3F46C}"
EndProject
Project("{9A19103F-16F7-4668-BE54-9A1E7A4F7556}") = "GeekShopping.MessageBus", "GeekShopping.MessageBus\GeekShopping.MessageBus.csproj", "{211DDBDB-6C68-4E8E-89C1-B4A181816387}"
EndProject
Project("{9A19103F-16F7-4668-BE54-9A1E7A4F7556}") = "GeekShopping.OrderAPI", "GeekShopping.OrderAPI\GeekShopping.OrderAPI.csproj", "{B9B325E6-5B9B-46C8-9B66-A28496A9C438}"
EndProject
Project("{FAE04EC0-301F-11D3-BF4B-00C04F79EFBC}") = "GeekShopping.Email", "GeekShopping.Email\GeekShopping.Email.csproj", "{C5BBCE45-5761-4629-81CF-A670EA0239BB}"
EndProject
Project("{FAE04EC0-301F-11D3-BF4B-00C04F79EFBC}") = "GeekShopping.PaymentAPI", "GeekShopping.PaymentAPI\GeekShopping.PaymentAPI.csproj", "{1982A6E1-BEB9-4F69-A56C-45258CC81C75}"
EndProject
Project("{2150E333-8FDC-42A3-9474-1A3956D46DE8}") = "Gateway", "Gateway", "{DC13F63C-7CD0-4043-8BC3-6DFCDC01E823}"
EndProject
Project("{FAE04EC0-301F-11D3-BF4B-00C04F79EFBC}") = "GeekShopping.APIGateway", "GeekShopping.APIGateway\GeekShopping.APIGateway.csproj", "{BF03B7EB-89DE-41CF-8201-C53599C28766}"
EndProject
Project("{2150E333-8FDC-42A3-9474-1A3956D46DE8}") = "Payments", "Payments", "{AA199438-1F07-4A81-A7AC-D6FA5360AABB}"
EndProject
Project("{FAE04EC0-301F-11D3-BF4B-00C04F79EFBC}") = "GeekShopping.PaymentProcessor", "GeekShopping.PaymentProcessor\GeekShopping.PaymentProcessor.csproj", "{59B7C019-4DD0-4442-B7BD-A20EB93549C9}"
EndProject
Global
	GlobalSection(SolutionConfigurationPlatforms) = preSolution
		Debug|Any CPU = Debug|Any CPU
		Release|Any CPU = Release|Any CPU
	EndGlobalSection
	GlobalSection(ProjectConfigurationPlatforms) = postSolution
		{C64FBCA4-14DF-41A7-A0AF-C0E8A5DEFEB2}.Debug|Any CPU.ActiveCfg = Debug|Any CPU
		{C64FBCA4-14DF-41A7-A0AF-C0E8A5DEFEB2}.Debug|Any CPU.Build.0 = Debug|Any CPU
		{C64FBCA4-14DF-41A7-A0AF-C0E8A5DEFEB2}.Release|Any CPU.ActiveCfg = Release|Any CPU
		{C64FBCA4-14DF-41A7-A0AF-C0E8A5DEFEB2}.Release|Any CPU.Build.0 = Release|Any CPU
		{5BEABC85-B8C9-44AA-9E08-F6357F3C4142}.Debug|Any CPU.ActiveCfg = Debug|Any CPU
		{5BEABC85-B8C9-44AA-9E08-F6357F3C4142}.Debug|Any CPU.Build.0 = Debug|Any CPU
		{5BEABC85-B8C9-44AA-9E08-F6357F3C4142}.Release|Any CPU.ActiveCfg = Release|Any CPU
		{5BEABC85-B8C9-44AA-9E08-F6357F3C4142}.Release|Any CPU.Build.0 = Release|Any CPU
		{E684CFB2-F867-47C8-B50A-E5B5A0792731}.Debug|Any CPU.ActiveCfg = Debug|Any CPU
		{E684CFB2-F867-47C8-B50A-E5B5A0792731}.Debug|Any CPU.Build.0 = Debug|Any CPU
		{E684CFB2-F867-47C8-B50A-E5B5A0792731}.Release|Any CPU.ActiveCfg = Release|Any CPU
		{E684CFB2-F867-47C8-B50A-E5B5A0792731}.Release|Any CPU.Build.0 = Release|Any CPU
		{9769B27D-234F-44AB-B4B0-B1D9679D1999}.Debug|Any CPU.ActiveCfg = Debug|Any CPU
		{9769B27D-234F-44AB-B4B0-B1D9679D1999}.Debug|Any CPU.Build.0 = Debug|Any CPU
		{9769B27D-234F-44AB-B4B0-B1D9679D1999}.Release|Any CPU.ActiveCfg = Release|Any CPU
		{9769B27D-234F-44AB-B4B0-B1D9679D1999}.Release|Any CPU.Build.0 = Release|Any CPU
		{439FC2D4-47A9-49B1-99C4-DC60B6393654}.Debug|Any CPU.ActiveCfg = Debug|Any CPU
		{439FC2D4-47A9-49B1-99C4-DC60B6393654}.Debug|Any CPU.Build.0 = Debug|Any CPU
		{439FC2D4-47A9-49B1-99C4-DC60B6393654}.Release|Any CPU.ActiveCfg = Release|Any CPU
		{439FC2D4-47A9-49B1-99C4-DC60B6393654}.Release|Any CPU.Build.0 = Release|Any CPU
		{211DDBDB-6C68-4E8E-89C1-B4A181816387}.Debug|Any CPU.ActiveCfg = Debug|Any CPU
		{211DDBDB-6C68-4E8E-89C1-B4A181816387}.Debug|Any CPU.Build.0 = Debug|Any CPU
		{211DDBDB-6C68-4E8E-89C1-B4A181816387}.Release|Any CPU.ActiveCfg = Release|Any CPU
		{211DDBDB-6C68-4E8E-89C1-B4A181816387}.Release|Any CPU.Build.0 = Release|Any CPU
		{B9B325E6-5B9B-46C8-9B66-A28496A9C438}.Debug|Any CPU.ActiveCfg = Debug|Any CPU
		{B9B325E6-5B9B-46C8-9B66-A28496A9C438}.Debug|Any CPU.Build.0 = Debug|Any CPU
		{B9B325E6-5B9B-46C8-9B66-A28496A9C438}.Release|Any CPU.ActiveCfg = Release|Any CPU
		{B9B325E6-5B9B-46C8-9B66-A28496A9C438}.Release|Any CPU.Build.0 = Release|Any CPU
		{C5BBCE45-5761-4629-81CF-A670EA0239BB}.Debug|Any CPU.ActiveCfg = Debug|Any CPU
		{C5BBCE45-5761-4629-81CF-A670EA0239BB}.Debug|Any CPU.Build.0 = Debug|Any CPU
		{C5BBCE45-5761-4629-81CF-A670EA0239BB}.Release|Any CPU.ActiveCfg = Release|Any CPU
		{C5BBCE45-5761-4629-81CF-A670EA0239BB}.Release|Any CPU.Build.0 = Release|Any CPU
		{1982A6E1-BEB9-4F69-A56C-45258CC81C75}.Debug|Any CPU.ActiveCfg = Debug|Any CPU
		{1982A6E1-BEB9-4F69-A56C-45258CC81C75}.Debug|Any CPU.Build.0 = Debug|Any CPU
		{1982A6E1-BEB9-4F69-A56C-45258CC81C75}.Release|Any CPU.ActiveCfg = Release|Any CPU
		{1982A6E1-BEB9-4F69-A56C-45258CC81C75}.Release|Any CPU.Build.0 = Release|Any CPU
		{BF03B7EB-89DE-41CF-8201-C53599C28766}.Debug|Any CPU.ActiveCfg = Debug|Any CPU
		{BF03B7EB-89DE-41CF-8201-C53599C28766}.Debug|Any CPU.Build.0 = Debug|Any CPU
		{BF03B7EB-89DE-41CF-8201-C53599C28766}.Release|Any CPU.ActiveCfg = Release|Any CPU
		{BF03B7EB-89DE-41CF-8201-C53599C28766}.Release|Any CPU.Build.0 = Release|Any CPU
		{59B7C019-4DD0-4442-B7BD-A20EB93549C9}.Debug|Any CPU.ActiveCfg = Debug|Any CPU
		{59B7C019-4DD0-4442-B7BD-A20EB93549C9}.Debug|Any CPU.Build.0 = Debug|Any CPU
		{59B7C019-4DD0-4442-B7BD-A20EB93549C9}.Release|Any CPU.ActiveCfg = Release|Any CPU
		{59B7C019-4DD0-4442-B7BD-A20EB93549C9}.Release|Any CPU.Build.0 = Release|Any CPU
	EndGlobalSection
	GlobalSection(SolutionProperties) = preSolution
		HideSolutionNode = FALSE
	EndGlobalSection
	GlobalSection(NestedProjects) = preSolution
		{C64FBCA4-14DF-41A7-A0AF-C0E8A5DEFEB2} = {D8579E2A-24D2-4D06-A7CC-2F2E4D17FEFF}
		{5BEABC85-B8C9-44AA-9E08-F6357F3C4142} = {1E002C90-18F6-4FD3-B4B1-5F706671B7FA}
		{E684CFB2-F867-47C8-B50A-E5B5A0792731} = {1E002C90-18F6-4FD3-B4B1-5F706671B7FA}
		{9769B27D-234F-44AB-B4B0-B1D9679D1999} = {1E002C90-18F6-4FD3-B4B1-5F706671B7FA}
		{439FC2D4-47A9-49B1-99C4-DC60B6393654} = {1E002C90-18F6-4FD3-B4B1-5F706671B7FA}
		{211DDBDB-6C68-4E8E-89C1-B4A181816387} = {351D07D2-CA76-4BCB-B1B8-3B1F07F3F46C}
		{B9B325E6-5B9B-46C8-9B66-A28496A9C438} = {1E002C90-18F6-4FD3-B4B1-5F706671B7FA}
		{C5BBCE45-5761-4629-81CF-A670EA0239BB} = {1E002C90-18F6-4FD3-B4B1-5F706671B7FA}
		{1982A6E1-BEB9-4F69-A56C-45258CC81C75} = {1E002C90-18F6-4FD3-B4B1-5F706671B7FA}
		{BF03B7EB-89DE-41CF-8201-C53599C28766} = {DC13F63C-7CD0-4043-8BC3-6DFCDC01E823}
		{59B7C019-4DD0-4442-B7BD-A20EB93549C9} = {AA199438-1F07-4A81-A7AC-D6FA5360AABB}
	EndGlobalSection
	GlobalSection(ExtensibilityGlobals) = postSolution
		SolutionGuid = {669FD2A9-7E99-47D2-8002-7B5002C6522B}
	EndGlobalSection
EndGlobal
